# THIS IS AN AUTOGENERATED FILE. DO NOT EDIT THIS FILE DIRECTLY.
# yarn lockfile v1


"yarn-test-package@git+ssh://git@github.com:collinsauve/yarn-test-package.git":
  version "0.0.1"
  resolved "git+ssh://git@github.com:collinsauve/yarn-test-package.git#92992b4bdfa60aeaf7a4ef65cf3ff8c1c390e678"
