# THIS IS AN AUTOGENERATED FILE. DO NOT EDIT THIS FILE DIRECTLY.
# yarn lockfile v1


"yarn-test-package@git+ssh://git@github.com:collinsauve/yarn-test-package.git":
  version "0.0.1"
  resolved "git+ssh://git@github.com:collinsauve/yarn-test-package.git#25f711546fd1f1312b02f9d577771dbcdcb103bb"
